
Microsoft Visual Studio Solution File, Format Version 12.00
# Visual Studio Version 17
VisualStudioVersion = 17.0.31903.59
MinimumVisualStudioVersion = 10.0.40219.1
Project("{2150E333-8FDC-42A3-9474-1A3956D46DE8}") = "src", "src", "{FCFB9A6C-7127-4FB8-84BB-A17EBC88EECA}"
EndProject
Project("{FAE04EC0-301F-11D3-BF4B-00C04F79EFBC}") = "PurchaseLibrary", "PurchaseLibrary\PurchaseLibrary.csproj", "{0A0C95B4-3AE8-4657-8194-5F7AC8202B39}"
EndProject
Project("{FAE04EC0-301F-11D3-BF4B-00C04F79EFBC}") = "PurchaseLibrary.Tests", "PurchaseLibrary.Tests\PurchaseLibrary.Tests.csproj", "{A13E3A45-BA93-4CDD-8374-3C072D8360F2}"
EndProject
Global
	GlobalSection(SolutionConfigurationPlatforms) = preSolution
		Debug|Any CPU = Debug|Any CPU
		Release|Any CPU = Release|Any CPU
	EndGlobalSection
	GlobalSection(SolutionProperties) = preSolution
		HideSolutionNode = FALSE
	EndGlobalSection
	GlobalSection(ProjectConfigurationPlatforms) = postSolution
		{0A0C95B4-3AE8-4657-8194-5F7AC8202B39}.Debug|Any CPU.ActiveCfg = Debug|Any CPU
		{0A0C95B4-3AE8-4657-8194-5F7AC8202B39}.Debug|Any CPU.Build.0 = Debug|Any CPU
		{0A0C95B4-3AE8-4657-8194-5F7AC8202B39}.Release|Any CPU.ActiveCfg = Release|Any CPU
		{0A0C95B4-3AE8-4657-8194-5F7AC8202B39}.Release|Any CPU.Build.0 = Release|Any CPU
		{A13E3A45-BA93-4CDD-8374-3C072D8360F2}.Debug|Any CPU.ActiveCfg = Debug|Any CPU
		{A13E3A45-BA93-4CDD-8374-3C072D8360F2}.Debug|Any CPU.Build.0 = Debug|Any CPU
		{A13E3A45-BA93-4CDD-8374-3C072D8360F2}.Release|Any CPU.ActiveCfg = Release|Any CPU
		{A13E3A45-BA93-4CDD-8374-3C072D8360F2}.Release|Any CPU.Build.0 = Release|Any CPU
	EndGlobalSection
	GlobalSection(NestedProjects) = preSolution
		{0A0C95B4-3AE8-4657-8194-5F7AC8202B39} = {FCFB9A6C-7127-4FB8-84BB-A17EBC88EECA}
		{A13E3A45-BA93-4CDD-8374-3C072D8360F2} = {FCFB9A6C-7127-4FB8-84BB-A17EBC88EECA}
	EndGlobalSection
EndGlobal
